# THIS IS AN AUTOGENERATED FILE. DO NOT EDIT THIS FILE DIRECTLY.
# yarn lockfile v1


arity-n@^1.0.4:
  version "1.0.4"
  resolved "https://registry.yarnpkg.com/arity-n/-/arity-n-1.0.4.tgz#d9e76b11733e08569c0847ae7b39b2860b30b745"
  integrity sha1-2edrEXM+CFacCEeuezmyhgswt0U=

array-last@^1.1.1:
  version "1.3.0"
  resolved "https://registry.yarnpkg.com/array-last/-/array-last-1.3.0.tgz#7aa77073fec565ddab2493f5f88185f404a9d336"
  integrity sha512-eOCut5rXlI6aCOS7Z7kCplKRKyiFQ6dHFBem4PwlwKeNFk2/XxTrhRh5T9PyaEWGy/NHTZWbY+nsZlNFJu9rYg==
  dependencies:
    is-number "^4.0.0"

aws-sdk@^2.712.0:
  version "2.712.0"
  resolved "https://registry.yarnpkg.com/aws-sdk/-/aws-sdk-2.712.0.tgz#828d6ef7556f4b5098c880469ff72195a83f9d66"
  integrity sha512-C3SLWanFydoWJwtKNi73BG9uB6UzrUuECaAiplOEVBltO/R4sBsHWhwTBuxS02eTNdRrgulu19bJ5RWt+OuXiA==
  dependencies:
    buffer "4.9.2"
    events "1.1.1"
    ieee754 "1.1.13"
    jmespath "0.15.0"
    querystring "0.2.0"
    sax "1.2.1"
    url "0.10.3"
    uuid "3.3.2"
    xml2js "0.4.19"

babylon@^6.9.1:
  version "6.18.0"
  resolved "https://registry.yarnpkg.com/babylon/-/babylon-6.18.0.tgz#af2f3b88fa6f5c1e4c634d1a0f8eac4f55b395e3"
  integrity sha512-q/UEjfGJ2Cm3oKV71DJz9d25TPnq5rhBVL2Q4fA5wcC3jcrdn7+SssEybFIxwAvvP+YCsCYNKughoF33GxgycQ==

base64-js@^1.0.2:
  version "1.3.1"
  resolved "https://registry.yarnpkg.com/base64-js/-/base64-js-1.3.1.tgz#58ece8cb75dd07e71ed08c736abc5fac4dbf8df1"
  integrity sha512-mLQ4i2QO1ytvGWFWmcngKO//JXAQueZvwEKtjgQFM4jIK0kU+ytMfplL8j+n5mspOfjHwoAg+9yhb7BwAHm36g==

bash-parser@^0.5.0:
  version "0.5.0"
  resolved "https://registry.yarnpkg.com/bash-parser/-/bash-parser-0.5.0.tgz#bca3adb4241a0f15c5ab1026e5c5685a9dade7ea"
  integrity sha512-AQR43o4W4sj4Jf+oy4cFtGgyBps4B+MYnJg6Xds8VVC7yomFtQekhOORQNHfQ8D6YJ0XENykr3TpxMn3rUtgeg==
  dependencies:
    array-last "^1.1.1"
    babylon "^6.9.1"
    compose-function "^3.0.3"
    curry "^1.2.0"
    deep-freeze "0.0.1"
    filter-iterator "0.0.1"
    filter-obj "^1.1.0"
    has-own-property "^0.1.0"
    identity-function "^1.0.0"
    iterable-lookahead "^1.0.0"
    iterable-transform-replace "^1.1.1"
    magic-string "^0.16.0"
    map-iterable "^1.0.1"
    map-obj "^2.0.0"
    object-pairs "^0.1.0"
    object-values "^1.0.0"
    reverse-arguments "^1.0.0"
    shell-quote-word "^1.0.1"
    to-pascal-case "^1.0.0"
    transform-spread-iterable "^1.1.0"
    unescape-js "^1.0.5"

buffer-crc32@~0.2.3:
  version "0.2.13"
  resolved "https://registry.yarnpkg.com/buffer-crc32/-/buffer-crc32-0.2.13.tgz#0d333e3f00eac50aa1454abd30ef8c2a5d9a7242"
  integrity sha1-DTM+PwDqxQqhRUq9MO+MKl2ackI=

buffer@4.9.2:
  version "4.9.2"
  resolved "https://registry.yarnpkg.com/buffer/-/buffer-4.9.2.tgz#230ead344002988644841ab0244af8c44bbe3ef8"
  integrity sha512-xq+q3SRMOxGivLhBNaUdC64hDTQwejJ+H0T/NB1XMtTVEwNTrfFF3gAxiyW0Bu/xWEGhjVKgUcMhCrUy2+uCWg==
  dependencies:
    base64-js "^1.0.2"
    ieee754 "^1.1.4"
    isarray "^1.0.0"

compose-function@^3.0.3:
  version "3.0.3"
  resolved "https://registry.yarnpkg.com/compose-function/-/compose-function-3.0.3.tgz#9ed675f13cc54501d30950a486ff6a7ba3ab185f"
  integrity sha1-ntZ18TzFRQHTCVCkhv9qe6OrGF8=
  dependencies:
    arity-n "^1.0.4"

curry@^1.2.0:
  version "1.2.0"
  resolved "https://registry.yarnpkg.com/curry/-/curry-1.2.0.tgz#9e6dd289548dba7e653d5ae3fe903fe7dfb33af2"
  integrity sha1-nm3SiVSNun5lPVrj/pA/59+zOvI=

deep-freeze@0.0.1:
  version "0.0.1"
  resolved "https://registry.yarnpkg.com/deep-freeze/-/deep-freeze-0.0.1.tgz#3a0b0005de18672819dfd38cd31f91179c893e84"
  integrity sha1-OgsABd4YZygZ39OM0x+RF5yJPoQ=

dotenvrc@^1.0.1:
  version "1.0.1"
  resolved "https://registry.yarnpkg.com/dotenvrc/-/dotenvrc-1.0.1.tgz#86398846c5ac3faceda827f5faf9d2a2124bc4cc"
  integrity sha512-O5Ro1bnabw6J6gObEFSM0Z6uXgGGCrmC2lXDi3GY2iOmtWxXgvcvmrpH5h3TxZUM+k+x7zUfpjWPsbt4w00ipQ==
  dependencies:
    bash-parser "^0.5.0"

events@1.1.1:
  version "1.1.1"
  resolved "https://registry.yarnpkg.com/events/-/events-1.1.1.tgz#9ebdb7635ad099c70dcc4c2a1f5004288e8bd924"
  integrity sha1-nr23Y1rQmccNzEwqH1AEKI6L2SQ=

fd-slicer@~1.1.0:
  version "1.1.0"
  resolved "https://registry.yarnpkg.com/fd-slicer/-/fd-slicer-1.1.0.tgz#25c7c89cb1f9077f8891bbe61d8f390eae256f1e"
  integrity sha1-JcfInLH5B3+IkbvmHY85Dq4lbx4=
  dependencies:
    pend "~1.2.0"

filter-iterator@0.0.1:
  version "0.0.1"
  resolved "https://registry.yarnpkg.com/filter-iterator/-/filter-iterator-0.0.1.tgz#0a2ecf07d6c06f96bdeb6846f8e88b57b8da1f37"
  integrity sha1-Ci7PB9bAb5a962hG+OiLV7jaHzc=

filter-obj@^1.1.0:
  version "1.1.0"
  resolved "https://registry.yarnpkg.com/filter-obj/-/filter-obj-1.1.0.tgz#9b311112bc6c6127a16e016c6c5d7f19e0805c5b"
  integrity sha1-mzERErxsYSehbgFsbF1/GeCAXFs=

fs@^0.0.1-security:
  version "0.0.1-security"
  resolved "https://registry.yarnpkg.com/fs/-/fs-0.0.1-security.tgz#8a7bd37186b6dddf3813f23858b57ecaaf5e41d4"
  integrity sha1-invTcYa23d84E/I4WLV+yq9eQdQ=

has-own-property@^0.1.0:
  version "0.1.0"
  resolved "https://registry.yarnpkg.com/has-own-property/-/has-own-property-0.1.0.tgz#992b0f5bb3a25416f8d4d0cde53f497b9d7b1ea5"
  integrity sha1-mSsPW7OiVBb41NDN5T9Je517HqU=

identity-function@^1.0.0:
  version "1.0.0"
  resolved "https://registry.yarnpkg.com/identity-function/-/identity-function-1.0.0.tgz#bea1159f0985239be3ca348edf40ce2f0dd2c21d"
  integrity sha1-vqEVnwmFI5vjyjSO30DOLw3Swh0=

ieee754@1.1.13, ieee754@^1.1.4:
  version "1.1.13"
  resolved "https://registry.yarnpkg.com/ieee754/-/ieee754-1.1.13.tgz#ec168558e95aa181fd87d37f55c32bbcb6708b84"
  integrity sha512-4vf7I2LYV/HaWerSo3XmlMkp5eZ83i+/CDluXi/IGTs/O1sejBNhTtnxzmRZfvOUqj7lZjqHkeTvpgSFDlWZTg==

is-iterable@^1.1.0:
  version "1.1.1"
  resolved "https://registry.yarnpkg.com/is-iterable/-/is-iterable-1.1.1.tgz#71f9aa6f113e1d968ebe1d41cff4c8fb23a817bc"
  integrity sha512-EdOZCr0NsGE00Pot+x1ZFx9MJK3C6wy91geZpXwvwexDLJvA4nzYyZf7r+EIwSeVsOLDdBz7ATg9NqKTzuNYuQ==

is-number@^4.0.0:
  version "4.0.0"
  resolved "https://registry.yarnpkg.com/is-number/-/is-number-4.0.0.tgz#0026e37f5454d73e356dfe6564699867c6a7f0ff"
  integrity sha512-rSklcAIlf1OmFdyAqbnWTLVelsQ58uvZ66S/ZyawjWqIviTWCjg2PzVGw8WUA+nNuPTqb4wgA+NszrJ+08LlgQ==

isarray@^1.0.0:
  version "1.0.0"
  resolved "https://registry.yarnpkg.com/isarray/-/isarray-1.0.0.tgz#bb935d48582cba168c06834957a54a3e07124f11"
  integrity sha1-u5NdSFgsuhaMBoNJV6VKPgcSTxE=

iterable-lookahead@^1.0.0:
  version "1.0.0"
  resolved "https://registry.yarnpkg.com/iterable-lookahead/-/iterable-lookahead-1.0.0.tgz#896dfcb78680bdb50036e97edb034c8b68a9737f"
  integrity sha1-iW38t4aAvbUANul+2wNMi2ipc38=

iterable-transform-replace@^1.1.1:
  version "1.2.0"
  resolved "https://registry.yarnpkg.com/iterable-transform-replace/-/iterable-transform-replace-1.2.0.tgz#69024d3f125b50524b1f59473fcc08565dcce3be"
  integrity sha1-aQJNPxJbUFJLH1lHP8wIVl3M474=
  dependencies:
    curry "^1.2.0"

jmespath@0.15.0:
  version "0.15.0"
  resolved "https://registry.yarnpkg.com/jmespath/-/jmespath-0.15.0.tgz#a3f222a9aae9f966f5d27c796510e28091764217"
  integrity sha1-o/Iiqarp+Wb10nx5ZRDigJF2Qhc=

magic-string@^0.16.0:
  version "0.16.0"
  resolved "https://registry.yarnpkg.com/magic-string/-/magic-string-0.16.0.tgz#970ebb0da7193301285fb1aa650f39bdd81eb45a"
  integrity sha1-lw67DacZMwEoX7GqZQ85vdgetFo=
  dependencies:
    vlq "^0.2.1"

map-iterable@^1.0.1:
  version "1.0.1"
  resolved "https://registry.yarnpkg.com/map-iterable/-/map-iterable-1.0.1.tgz#ab0fc1166014bd625fbcdfaee289af560e611ad9"
  integrity sha1-qw/BFmAUvWJfvN+u4omvVg5hGtk=
  dependencies:
    curry "^1.2.0"
    is-iterable "^1.1.0"

map-obj@^2.0.0:
  version "2.0.0"
  resolved "https://registry.yarnpkg.com/map-obj/-/map-obj-2.0.0.tgz#a65cd29087a92598b8791257a523e021222ac1f9"
  integrity sha1-plzSkIepJZi4eRJXpSPgISIqwfk=

object-pairs@^0.1.0:
  version "0.1.0"
  resolved "https://registry.yarnpkg.com/object-pairs/-/object-pairs-0.1.0.tgz#8276eed81d60b8549d69c5f73a682ab9da4ff32f"
  integrity sha1-gnbu2B1guFSdacX3OmgqudpP8y8=

object-values@^1.0.0:
  version "1.0.0"
  resolved "https://registry.yarnpkg.com/object-values/-/object-values-1.0.0.tgz#72af839630119e5b98c3b02bb8c27e3237158105"
  integrity sha1-cq+DljARnluYw7AruMJ+MjcVgQU=

pend@~1.2.0:
  version "1.2.0"
  resolved "https://registry.yarnpkg.com/pend/-/pend-1.2.0.tgz#7a57eb550a6783f9115331fcf4663d5c8e007a50"
  integrity sha1-elfrVQpng/kRUzH89GY9XI4AelA=

punycode@1.3.2:
  version "1.3.2"
  resolved "https://registry.yarnpkg.com/punycode/-/punycode-1.3.2.tgz#9653a036fb7c1ee42342f2325cceefea3926c48d"
  integrity sha1-llOgNvt8HuQjQvIyXM7v6jkmxI0=

querystring@0.2.0:
  version "0.2.0"
  resolved "https://registry.yarnpkg.com/querystring/-/querystring-0.2.0.tgz#b209849203bb25df820da756e747005878521620"
  integrity sha1-sgmEkgO7Jd+CDadW50cAWHhSFiA=

reverse-arguments@^1.0.0:
  version "1.0.0"
  resolved "https://registry.yarnpkg.com/reverse-arguments/-/reverse-arguments-1.0.0.tgz#c28095a3a921ac715d61834ddece9027992667cd"
  integrity sha1-woCVo6khrHFdYYNN3s6QJ5kmZ80=

sax@1.2.1:
  version "1.2.1"
  resolved "https://registry.yarnpkg.com/sax/-/sax-1.2.1.tgz#7b8e656190b228e81a66aea748480d828cd2d37a"
  integrity sha1-e45lYZCyKOgaZq6nSEgNgozS03o=

sax@>=0.6.0:
  version "1.2.4"
  resolved "https://registry.yarnpkg.com/sax/-/sax-1.2.4.tgz#2816234e2378bddc4e5354fab5caa895df7100d9"
  integrity sha512-NqVDv9TpANUjFm0N8uM5GxL36UgKi9/atZw+x7YFnQ8ckwFGKrl4xX4yWtrey3UJm5nP1kUbnYgLopqWNSRhWw==

shell-quote-word@^1.0.1:
  version "1.0.1"
  resolved "https://registry.yarnpkg.com/shell-quote-word/-/shell-quote-word-1.0.1.tgz#e2bdfd22d599fd68886491677e38f560f9d469c9"
  integrity sha1-4r39ItWZ/WiIZJFnfjj1YPnUack=

string.fromcodepoint@^0.2.1:
  version "0.2.1"
  resolved "https://registry.yarnpkg.com/string.fromcodepoint/-/string.fromcodepoint-0.2.1.tgz#8d978333c0bc92538f50f383e4888f3e5619d653"
  integrity sha1-jZeDM8C8klOPUPOD5IiPPlYZ1lM=

to-no-case@^1.0.0:
  version "1.0.2"
  resolved "https://registry.yarnpkg.com/to-no-case/-/to-no-case-1.0.2.tgz#c722907164ef6b178132c8e69930212d1b4aa16a"
  integrity sha1-xyKQcWTvaxeBMsjmmTAhLRtKoWo=

to-pascal-case@^1.0.0:
  version "1.0.0"
  resolved "https://registry.yarnpkg.com/to-pascal-case/-/to-pascal-case-1.0.0.tgz#0bbdc8df448886ba01535e543327048d0aa1ce78"
  integrity sha1-C73I30SIhroBU15UMycEjQqhzng=
  dependencies:
    to-space-case "^1.0.0"

to-space-case@^1.0.0:
  version "1.0.0"
  resolved "https://registry.yarnpkg.com/to-space-case/-/to-space-case-1.0.0.tgz#b052daafb1b2b29dc770cea0163e5ec0ebc9fc17"
  integrity sha1-sFLar7Gysp3HcM6gFj5ewOvJ/Bc=
  dependencies:
    to-no-case "^1.0.0"

transform-spread-iterable@^1.1.0:
  version "1.4.1"
  resolved "https://registry.yarnpkg.com/transform-spread-iterable/-/transform-spread-iterable-1.4.1.tgz#7f0a96389c10ec70eedd4ce1c128c6eb97d318a5"
  integrity sha1-fwqWOJwQ7HDu3UzhwSjG65fTGKU=
  dependencies:
    curry "^1.2.0"

unescape-js@^1.0.5:
  version "1.1.4"
  resolved "https://registry.yarnpkg.com/unescape-js/-/unescape-js-1.1.4.tgz#4bc6389c499cb055a98364a0b3094e1c3d5da395"
  integrity sha512-42SD8NOQEhdYntEiUQdYq/1V/YHwr1HLwlHuTJB5InVVdOSbgI6xu8jK5q65yIzuFCfczzyDF/7hbGzVbyCw0g==
  dependencies:
    string.fromcodepoint "^0.2.1"

url@0.10.3:
  version "0.10.3"
  resolved "https://registry.yarnpkg.com/url/-/url-0.10.3.tgz#021e4d9c7705f21bbf37d03ceb58767402774c64"
  integrity sha1-Ah5NnHcF8hu/N9A861h2dAJ3TGQ=
  dependencies:
    punycode "1.3.2"
    querystring "0.2.0"

uuid@3.3.2:
  version "3.3.2"
  resolved "https://registry.yarnpkg.com/uuid/-/uuid-3.3.2.tgz#1b4af4955eb3077c501c23872fc6513811587131"
  integrity sha512-yXJmeNaw3DnnKAOKJE51sL/ZaYfWJRl1pK9dr19YFCu0ObS231AB1/LbqTKRAQ5kw8A90rA6fr4riOUpTZvQZA==

vlq@^0.2.1:
  version "0.2.3"
  resolved "https://registry.yarnpkg.com/vlq/-/vlq-0.2.3.tgz#8f3e4328cf63b1540c0d67e1b2778386f8975b26"
  integrity sha512-DRibZL6DsNhIgYQ+wNdWDL2SL3bKPlVrRiBqV5yuMm++op8W4kGFtaQfCs4KEJn0wBZcHVHJ3eoywX8983k1ow==

xml2js@0.4.19:
  version "0.4.19"
  resolved "https://registry.yarnpkg.com/xml2js/-/xml2js-0.4.19.tgz#686c20f213209e94abf0d1bcf1efaa291c7827a7"
  integrity sha512-esZnJZJOiJR9wWKMyuvSE1y6Dq5LCuJanqhxslH2bxM6duahNZ+HMpCLhBQGZkbX6xRf8x1Y2eJlgt2q3qo49Q==
  dependencies:
    sax ">=0.6.0"
    xmlbuilder "~9.0.1"

xmlbuilder@~9.0.1:
  version "9.0.7"
  resolved "https://registry.yarnpkg.com/xmlbuilder/-/xmlbuilder-9.0.7.tgz#132ee63d2ec5565c557e20f4c22df9aca686b10d"
  integrity sha1-Ey7mPS7FVlxVfiD0wi35rKaGsQ0=

yauzl@^2.10.0:
  version "2.10.0"
  resolved "https://registry.yarnpkg.com/yauzl/-/yauzl-2.10.0.tgz#c7eb17c93e112cb1086fa6d8e51fb0667b79a5f9"
  integrity sha1-x+sXyT4RLLEIb6bY5R+wZnt5pfk=
  dependencies:
    buffer-crc32 "~0.2.3"
    fd-slicer "~1.1.0"

yazl@^2.5.1:
  version "2.5.1"
  resolved "https://registry.yarnpkg.com/yazl/-/yazl-2.5.1.tgz#a3d65d3dd659a5b0937850e8609f22fffa2b5c35"
  integrity sha512-phENi2PLiHnHb6QBVot+dJnaAZ0xosj7p3fWl+znIjBDlnMI2PsZCJZ306BPTFOaHf5qdDEI8x5qFrSOBN5vrw==
  dependencies:
    buffer-crc32 "~0.2.3"

zip-lib@^0.7.1:
  version "0.7.1"
  resolved "https://registry.yarnpkg.com/zip-lib/-/zip-lib-0.7.1.tgz#d45a0396b3449ca3eef2f3afcbec6922bce1141e"
  integrity sha512-Ld/ERTsce14KkMZ7indAVrHDd+jYWPWEzsJZI51cRAAMsGli8xfdsnz45PsHCBWXCQbovYER+1xKVicJs2tO6Q==
  dependencies:
    yauzl "^2.10.0"
    yazl "^2.5.1"
